
Microsoft Visual Studio Solution File, Format Version 12.00
# Visual Studio Version 17
VisualStudioVersion = 17.0.31903.59
MinimumVisualStudioVersion = 10.0.40219.1
Project("{FAE04EC0-301F-11D3-BF4B-00C04F79EFBC}") = "Domain", "Domain\Domain.csproj", "{F40DFBF3-ACE3-4540-87DF-DDA9F236364A}"
EndProject
Project("{FAE04EC0-301F-11D3-BF4B-00C04F79EFBC}") = "Infrastructure", "Infrastructure\Infrastructure.csproj", "{90730CF0-CDDB-460E-ABC7-93642F256691}"
EndProject
Project("{FAE04EC0-301F-11D3-BF4B-00C04F79EFBC}") = "WebApp", "WebApp\WebApp.csproj", "{2AD45C93-A15A-42A5-9B99-AE5A64177B14}"
EndProject
Global
	GlobalSection(SolutionConfigurationPlatforms) = preSolution
		Debug|Any CPU = Debug|Any CPU
		Release|Any CPU = Release|Any CPU
	EndGlobalSection
	GlobalSection(SolutionProperties) = preSolution
		HideSolutionNode = FALSE
	EndGlobalSection
	GlobalSection(ProjectConfigurationPlatforms) = postSolution
		{F40DFBF3-ACE3-4540-87DF-DDA9F236364A}.Debug|Any CPU.ActiveCfg = Debug|Any CPU
		{F40DFBF3-ACE3-4540-87DF-DDA9F236364A}.Debug|Any CPU.Build.0 = Debug|Any CPU
		{F40DFBF3-ACE3-4540-87DF-DDA9F236364A}.Release|Any CPU.ActiveCfg = Release|Any CPU
		{F40DFBF3-ACE3-4540-87DF-DDA9F236364A}.Release|Any CPU.Build.0 = Release|Any CPU
		{90730CF0-CDDB-460E-ABC7-93642F256691}.Debug|Any CPU.ActiveCfg = Debug|Any CPU
		{90730CF0-CDDB-460E-ABC7-93642F256691}.Debug|Any CPU.Build.0 = Debug|Any CPU
		{90730CF0-CDDB-460E-ABC7-93642F256691}.Release|Any CPU.ActiveCfg = Release|Any CPU
		{90730CF0-CDDB-460E-ABC7-93642F256691}.Release|Any CPU.Build.0 = Release|Any CPU
		{2AD45C93-A15A-42A5-9B99-AE5A64177B14}.Debug|Any CPU.ActiveCfg = Debug|Any CPU
		{2AD45C93-A15A-42A5-9B99-AE5A64177B14}.Debug|Any CPU.Build.0 = Debug|Any CPU
		{2AD45C93-A15A-42A5-9B99-AE5A64177B14}.Release|Any CPU.ActiveCfg = Release|Any CPU
		{2AD45C93-A15A-42A5-9B99-AE5A64177B14}.Release|Any CPU.Build.0 = Release|Any CPU
	EndGlobalSection
EndGlobal
